// !$*UTF8*$!
{
	archiveVersion = 1;
	classes = {
	};
	objectVersion = 46;
	objects = {

/* Begin PBXBuildFile section */
		90A87AB014A847A900920272 /* Foundation.framework in Frameworks */ = {isa = PBXBuildFile; fileRef = 90A87AAF14A847A900920272 /* Foundation.framework */; };
		90A87AB214A847A900920272 /* UIKit.framework in Frameworks */ = {isa = PBXBuildFile; fileRef = 90A87AB114A847A900920272 /* UIKit.framework */; };
		90A87AB414A847A900920272 /* CoreGraphics.framework in Frameworks */ = {isa = PBXBuildFile; fileRef = 90A87AB314A847A900920272 /* CoreGraphics.framework */; };
		90A87AB614A847A900920272 /* AddressBook.framework in Frameworks */ = {isa = PBXBuildFile; fileRef = 90A87AB514A847A900920272 /* AddressBook.framework */; };
		90A87AB814A847A900920272 /* AddressBookUI.framework in Frameworks */ = {isa = PBXBuildFile; fileRef = 90A87AB714A847A900920272 /* AddressBookUI.framework */; };
		90A87ABA14A847A900920272 /* AudioToolbox.framework in Frameworks */ = {isa = PBXBuildFile; fileRef = 90A87AB914A847A900920272 /* AudioToolbox.framework */; };
		90A87ABC14A847A900920272 /* AVFoundation.framework in Frameworks */ = {isa = PBXBuildFile; fileRef = 90A87ABB14A847A900920272 /* AVFoundation.framework */; };
		90A87ABE14A847A900920272 /* CoreLocation.framework in Frameworks */ = {isa = PBXBuildFile; fileRef = 90A87ABD14A847A900920272 /* CoreLocation.framework */; };
		90A87AC014A847A900920272 /* MediaPlayer.framework in Frameworks */ = {isa = PBXBuildFile; fileRef = 90A87ABF14A847A900920272 /* MediaPlayer.framework */; };
		90A87AC214A847A900920272 /* QuartzCore.framework in Frameworks */ = {isa = PBXBuildFile; fileRef = 90A87AC114A847A900920272 /* QuartzCore.framework */; };
		90A87AC414A847A900920272 /* SystemConfiguration.framework in Frameworks */ = {isa = PBXBuildFile; fileRef = 90A87AC314A847A900920272 /* SystemConfiguration.framework */; };
		90A87AC614A847A900920272 /* MobileCoreServices.framework in Frameworks */ = {isa = PBXBuildFile; fileRef = 90A87AC514A847A900920272 /* MobileCoreServices.framework */; };
		90A87AC814A847A900920272 /* CoreMedia.framework in Frameworks */ = {isa = PBXBuildFile; fileRef = 90A87AC714A847A900920272 /* CoreMedia.framework */; };
		90A87ACE14A847A900920272 /* InfoPlist.strings in Resources */ = {isa = PBXBuildFile; fileRef = 90A87ACC14A847A900920272 /* InfoPlist.strings */; };
		90A87AD014A847A900920272 /* main.m in Sources */ = {isa = PBXBuildFile; fileRef = 90A87ACF14A847A900920272 /* main.m */; };
		90A87AD314A847A900920272 /* PhoneGap.framework in Frameworks */ = {isa = PBXBuildFile; fileRef = 90A87AD214A847A900920272 /* PhoneGap.framework */; };
		90A87AD814A847A900920272 /* Localizable.strings in Resources */ = {isa = PBXBuildFile; fileRef = 90A87AD614A847A900920272 /* Localizable.strings */; };
		90A87ADC14A847A900920272 /* Localizable.strings in Resources */ = {isa = PBXBuildFile; fileRef = 90A87ADA14A847A900920272 /* Localizable.strings */; };
		90A87ADF14A847A900920272 /* icon.png in Resources */ = {isa = PBXBuildFile; fileRef = 90A87ADE14A847A900920272 /* icon.png */; };
		90A87AE114A847A900920272 /* icon@2x.png in Resources */ = {isa = PBXBuildFile; fileRef = 90A87AE014A847A900920272 /* icon@2x.png */; };
		90A87AE314A847A900920272 /* icon-72.png in Resources */ = {isa = PBXBuildFile; fileRef = 90A87AE214A847A900920272 /* icon-72.png */; };
		90A87AE614A847A900920272 /* Default.png in Resources */ = {isa = PBXBuildFile; fileRef = 90A87AE514A847A900920272 /* Default.png */; };
		90A87AE814A847A900920272 /* Default@2x.png in Resources */ = {isa = PBXBuildFile; fileRef = 90A87AE714A847A900920272 /* Default@2x.png */; };
		90A87AEA14A847AA00920272 /* Capture.bundle in Resources */ = {isa = PBXBuildFile; fileRef = 90A87AE914A847AA00920272 /* Capture.bundle */; };
		90A87AEC14A847AA00920272 /* PhoneGap.plist in Resources */ = {isa = PBXBuildFile; fileRef = 90A87AEB14A847AA00920272 /* PhoneGap.plist */; };
		90A87AF014A847AA00920272 /* AppDelegate.m in Sources */ = {isa = PBXBuildFile; fileRef = 90A87AEF14A847AA00920272 /* AppDelegate.m */; };
		90A87AF914A848F700920272 /* www in Resources */ = {isa = PBXBuildFile; fileRef = 90A87AF814A848F700920272 /* www */; };
/* End PBXBuildFile section */

/* Begin PBXFileReference section */
		90A87AAB14A847A900920272 /* Frink.app */ = {isa = PBXFileReference; explicitFileType = wrapper.application; includeInIndex = 0; path = Frink.app; sourceTree = BUILT_PRODUCTS_DIR; };
		90A87AAF14A847A900920272 /* Foundation.framework */ = {isa = PBXFileReference; lastKnownFileType = wrapper.framework; name = Foundation.framework; path = System/Library/Frameworks/Foundation.framework; sourceTree = SDKROOT; };
		90A87AB114A847A900920272 /* UIKit.framework */ = {isa = PBXFileReference; lastKnownFileType = wrapper.framework; name = UIKit.framework; path = System/Library/Frameworks/UIKit.framework; sourceTree = SDKROOT; };
		90A87AB314A847A900920272 /* CoreGraphics.framework */ = {isa = PBXFileReference; lastKnownFileType = wrapper.framework; name = CoreGraphics.framework; path = System/Library/Frameworks/CoreGraphics.framework; sourceTree = SDKROOT; };
		90A87AB514A847A900920272 /* AddressBook.framework */ = {isa = PBXFileReference; lastKnownFileType = wrapper.framework; name = AddressBook.framework; path = System/Library/Frameworks/AddressBook.framework; sourceTree = SDKROOT; };
		90A87AB714A847A900920272 /* AddressBookUI.framework */ = {isa = PBXFileReference; lastKnownFileType = wrapper.framework; name = AddressBookUI.framework; path = System/Library/Frameworks/AddressBookUI.framework; sourceTree = SDKROOT; };
		90A87AB914A847A900920272 /* AudioToolbox.framework */ = {isa = PBXFileReference; lastKnownFileType = wrapper.framework; name = AudioToolbox.framework; path = System/Library/Frameworks/AudioToolbox.framework; sourceTree = SDKROOT; };
		90A87ABB14A847A900920272 /* AVFoundation.framework */ = {isa = PBXFileReference; lastKnownFileType = wrapper.framework; name = AVFoundation.framework; path = System/Library/Frameworks/AVFoundation.framework; sourceTree = SDKROOT; };
		90A87ABD14A847A900920272 /* CoreLocation.framework */ = {isa = PBXFileReference; lastKnownFileType = wrapper.framework; name = CoreLocation.framework; path = System/Library/Frameworks/CoreLocation.framework; sourceTree = SDKROOT; };
		90A87ABF14A847A900920272 /* MediaPlayer.framework */ = {isa = PBXFileReference; lastKnownFileType = wrapper.framework; name = MediaPlayer.framework; path = System/Library/Frameworks/MediaPlayer.framework; sourceTree = SDKROOT; };
		90A87AC114A847A900920272 /* QuartzCore.framework */ = {isa = PBXFileReference; lastKnownFileType = wrapper.framework; name = QuartzCore.framework; path = System/Library/Frameworks/QuartzCore.framework; sourceTree = SDKROOT; };
		90A87AC314A847A900920272 /* SystemConfiguration.framework */ = {isa = PBXFileReference; lastKnownFileType = wrapper.framework; name = SystemConfiguration.framework; path = System/Library/Frameworks/SystemConfiguration.framework; sourceTree = SDKROOT; };
		90A87AC514A847A900920272 /* MobileCoreServices.framework */ = {isa = PBXFileReference; lastKnownFileType = wrapper.framework; name = MobileCoreServices.framework; path = System/Library/Frameworks/MobileCoreServices.framework; sourceTree = SDKROOT; };
		90A87AC714A847A900920272 /* CoreMedia.framework */ = {isa = PBXFileReference; lastKnownFileType = wrapper.framework; name = CoreMedia.framework; path = System/Library/Frameworks/CoreMedia.framework; sourceTree = SDKROOT; };
		90A87ACB14A847A900920272 /* Frink-Info.plist */ = {isa = PBXFileReference; lastKnownFileType = text.plist.xml; path = "Frink-Info.plist"; sourceTree = "<group>"; };
		90A87ACD14A847A900920272 /* en */ = {isa = PBXFileReference; lastKnownFileType = text.plist.strings; name = en; path = en.lproj/InfoPlist.strings; sourceTree = "<group>"; };
		90A87ACF14A847A900920272 /* main.m */ = {isa = PBXFileReference; lastKnownFileType = sourcecode.c.objc; path = main.m; sourceTree = "<group>"; };
		90A87AD114A847A900920272 /* Frink-Prefix.pch */ = {isa = PBXFileReference; lastKnownFileType = sourcecode.c.h; path = "Frink-Prefix.pch"; sourceTree = "<group>"; };
		90A87AD214A847A900920272 /* PhoneGap.framework */ = {isa = PBXFileReference; lastKnownFileType = wrapper.framework; name = PhoneGap.framework; path = /Users/Shared/PhoneGap/Frameworks/PhoneGap.framework; sourceTree = "<absolute>"; };
		90A87AD714A847A900920272 /* en */ = {isa = PBXFileReference; lastKnownFileType = text.plist.strings; name = en; path = Resources/en.lproj/Localizable.strings; sourceTree = "<group>"; };
		90A87ADB14A847A900920272 /* es */ = {isa = PBXFileReference; lastKnownFileType = text.plist.strings; name = es; path = Resources/es.lproj/Localizable.strings; sourceTree = "<group>"; };
		90A87ADE14A847A900920272 /* icon.png */ = {isa = PBXFileReference; lastKnownFileType = image.png; name = icon.png; path = Resources/icons/icon.png; sourceTree = "<group>"; };
		90A87AE014A847A900920272 /* icon@2x.png */ = {isa = PBXFileReference; lastKnownFileType = image.png; name = "icon@2x.png"; path = "Resources/icons/icon@2x.png"; sourceTree = "<group>"; };
		90A87AE214A847A900920272 /* icon-72.png */ = {isa = PBXFileReference; lastKnownFileType = image.png; name = "icon-72.png"; path = "Resources/icons/icon-72.png"; sourceTree = "<group>"; };
		90A87AE514A847A900920272 /* Default.png */ = {isa = PBXFileReference; lastKnownFileType = image.png; name = Default.png; path = Resources/splash/Default.png; sourceTree = "<group>"; };
		90A87AE714A847A900920272 /* Default@2x.png */ = {isa = PBXFileReference; lastKnownFileType = image.png; name = "Default@2x.png"; path = "Resources/splash/Default@2x.png"; sourceTree = "<group>"; };
		90A87AE914A847AA00920272 /* Capture.bundle */ = {isa = PBXFileReference; lastKnownFileType = "wrapper.plug-in"; name = Capture.bundle; path = Resources/Capture.bundle; sourceTree = "<group>"; };
		90A87AEB14A847AA00920272 /* PhoneGap.plist */ = {isa = PBXFileReference; lastKnownFileType = text.plist.xml; path = PhoneGap.plist; sourceTree = "<group>"; };
		90A87AEE14A847AA00920272 /* AppDelegate.h */ = {isa = PBXFileReference; lastKnownFileType = sourcecode.c.h; name = AppDelegate.h; path = Classes/AppDelegate.h; sourceTree = "<group>"; };
		90A87AEF14A847AA00920272 /* AppDelegate.m */ = {isa = PBXFileReference; lastKnownFileType = sourcecode.c.objc; name = AppDelegate.m; path = Classes/AppDelegate.m; sourceTree = "<group>"; };
		90A87AF214A847AA00920272 /* README */ = {isa = PBXFileReference; lastKnownFileType = text; name = README; path = Plugins/README; sourceTree = "<group>"; };
		90A87AF814A848F700920272 /* www */ = {isa = PBXFileReference; lastKnownFileType = folder; path = www; sourceTree = "<group>"; };
/* End PBXFileReference section */

/* Begin PBXFrameworksBuildPhase section */
		90A87AA514A847A900920272 /* Frameworks */ = {
			isa = PBXFrameworksBuildPhase;
			buildActionMask = 2147483647;
			files = (
				90A87AB014A847A900920272 /* Foundation.framework in Frameworks */,
				90A87AB214A847A900920272 /* UIKit.framework in Frameworks */,
				90A87AB414A847A900920272 /* CoreGraphics.framework in Frameworks */,
				90A87AB614A847A900920272 /* AddressBook.framework in Frameworks */,
				90A87AB814A847A900920272 /* AddressBookUI.framework in Frameworks */,
				90A87ABA14A847A900920272 /* AudioToolbox.framework in Frameworks */,
				90A87ABC14A847A900920272 /* AVFoundation.framework in Frameworks */,
				90A87ABE14A847A900920272 /* CoreLocation.framework in Frameworks */,
				90A87AC014A847A900920272 /* MediaPlayer.framework in Frameworks */,
				90A87AC214A847A900920272 /* QuartzCore.framework in Frameworks */,
				90A87AC414A847A900920272 /* SystemConfiguration.framework in Frameworks */,
				90A87AC614A847A900920272 /* MobileCoreServices.framework in Frameworks */,
				90A87AC814A847A900920272 /* CoreMedia.framework in Frameworks */,
				90A87AD314A847A900920272 /* PhoneGap.framework in Frameworks */,
			);
			runOnlyForDeploymentPostprocessing = 0;
		};
		90A87AA814A847A900920272 /* Frameworks */ = {
			isa = PBXFrameworksBuildPhase;
			buildActionMask = 2147483647;
			files = (
			);
			runOnlyForDeploymentPostprocessing = 0;
		};
/* End PBXFrameworksBuildPhase section */

/* Begin PBXGroup section */
		90A87A9D14A847A900920272 = {
			isa = PBXGroup;
			children = (
				90A87AF814A848F700920272 /* www */,
				90A87AC914A847A900920272 /* Frink */,
				90A87AAE14A847A900920272 /* Frameworks */,
				90A87AAC14A847A900920272 /* Products */,
			);
			sourceTree = "<group>";
		};
		90A87AAC14A847A900920272 /* Products */ = {
			isa = PBXGroup;
			children = (
				90A87AAB14A847A900920272 /* Frink.app */,
			);
			name = Products;
			sourceTree = "<group>";
		};
		90A87AAE14A847A900920272 /* Frameworks */ = {
			isa = PBXGroup;
			children = (
				90A87AAF14A847A900920272 /* Foundation.framework */,
				90A87AB114A847A900920272 /* UIKit.framework */,
				90A87AB314A847A900920272 /* CoreGraphics.framework */,
				90A87AB514A847A900920272 /* AddressBook.framework */,
				90A87AB714A847A900920272 /* AddressBookUI.framework */,
				90A87AB914A847A900920272 /* AudioToolbox.framework */,
				90A87ABB14A847A900920272 /* AVFoundation.framework */,
				90A87ABD14A847A900920272 /* CoreLocation.framework */,
				90A87ABF14A847A900920272 /* MediaPlayer.framework */,
				90A87AC114A847A900920272 /* QuartzCore.framework */,
				90A87AC314A847A900920272 /* SystemConfiguration.framework */,
				90A87AC514A847A900920272 /* MobileCoreServices.framework */,
				90A87AC714A847A900920272 /* CoreMedia.framework */,
			);
			name = Frameworks;
			sourceTree = "<group>";
		};
		90A87AC914A847A900920272 /* Frink */ = {
			isa = PBXGroup;
			children = (
				90A87AD214A847A900920272 /* PhoneGap.framework */,
				90A87AD414A847A900920272 /* Resources */,
				90A87AED14A847AA00920272 /* Classes */,
				90A87AF114A847AA00920272 /* Plugins */,
				90A87ACA14A847A900920272 /* Supporting Files */,
			);
			path = Frink;
			sourceTree = "<group>";
		};
		90A87ACA14A847A900920272 /* Supporting Files */ = {
			isa = PBXGroup;
			children = (
				90A87ACB14A847A900920272 /* Frink-Info.plist */,
				90A87ACC14A847A900920272 /* InfoPlist.strings */,
				90A87ACF14A847A900920272 /* main.m */,
				90A87AD114A847A900920272 /* Frink-Prefix.pch */,
				90A87AEB14A847AA00920272 /* PhoneGap.plist */,
			);
			name = "Supporting Files";
			sourceTree = "<group>";
		};
		90A87AD414A847A900920272 /* Resources */ = {
			isa = PBXGroup;
			children = (
				90A87AE914A847AA00920272 /* Capture.bundle */,
				90A87AD514A847A900920272 /* en.lproj */,
				90A87AD914A847A900920272 /* es.lproj */,
				90A87ADD14A847A900920272 /* icons */,
				90A87AE414A847A900920272 /* splash */,
			);
			name = Resources;
			sourceTree = "<group>";
		};
		90A87AD514A847A900920272 /* en.lproj */ = {
			isa = PBXGroup;
			children = (
				90A87AD614A847A900920272 /* Localizable.strings */,
			);
			name = en.lproj;
			sourceTree = "<group>";
		};
		90A87AD914A847A900920272 /* es.lproj */ = {
			isa = PBXGroup;
			children = (
				90A87ADA14A847A900920272 /* Localizable.strings */,
			);
			name = es.lproj;
			sourceTree = "<group>";
		};
		90A87ADD14A847A900920272 /* icons */ = {
			isa = PBXGroup;
			children = (
				90A87ADE14A847A900920272 /* icon.png */,
				90A87AE014A847A900920272 /* icon@2x.png */,
				90A87AE214A847A900920272 /* icon-72.png */,
			);
			name = icons;
			sourceTree = "<group>";
		};
		90A87AE414A847A900920272 /* splash */ = {
			isa = PBXGroup;
			children = (
				90A87AE514A847A900920272 /* Default.png */,
				90A87AE714A847A900920272 /* Default@2x.png */,
			);
			name = splash;
			sourceTree = "<group>";
		};
		90A87AED14A847AA00920272 /* Classes */ = {
			isa = PBXGroup;
			children = (
				90A87AEE14A847AA00920272 /* AppDelegate.h */,
				90A87AEF14A847AA00920272 /* AppDelegate.m */,
			);
			name = Classes;
			sourceTree = "<group>";
		};
		90A87AF114A847AA00920272 /* Plugins */ = {
			isa = PBXGroup;
			children = (
				90A87AF214A847AA00920272 /* README */,
			);
			name = Plugins;
			sourceTree = "<group>";
		};
/* End PBXGroup section */

/* Begin PBXNativeTarget section */
		90A87AAA14A847A900920272 /* Frink */ = {
			isa = PBXNativeTarget;
			buildConfigurationList = 90A87AF514A847AA00920272 /* Build configuration list for PBXNativeTarget "Frink" */;
			buildPhases = (
				90A87AA414A847A900920272 /* Sources */,
				90A87AA514A847A900920272 /* Frameworks */,
				90A87AA614A847A900920272 /* Resources */,
				90A87AA714A847A900920272 /* Sources */,
				90A87AA814A847A900920272 /* Frameworks */,
				90A87AA914A847A900920272 /* ShellScript */,
			);
			buildRules = (
			);
			dependencies = (
			);
			name = Frink;
			productName = Frink;
			productReference = 90A87AAB14A847A900920272 /* Frink.app */;
			productType = "com.apple.product-type.application";
		};
/* End PBXNativeTarget section */

/* Begin PBXProject section */
		90A87A9F14A847A900920272 /* Project object */ = {
			isa = PBXProject;
			attributes = {
				LastUpgradeCheck = 0420;
			};
			buildConfigurationList = 90A87AA214A847A900920272 /* Build configuration list for PBXProject "Frink" */;
			compatibilityVersion = "Xcode 3.2";
			developmentRegion = English;
			hasScannedForEncodings = 0;
			knownRegions = (
				en,
				es,
			);
			mainGroup = 90A87A9D14A847A900920272;
			productRefGroup = 90A87AAC14A847A900920272 /* Products */;
			projectDirPath = "";
			projectRoot = "";
			targets = (
				90A87AAA14A847A900920272 /* Frink */,
			);
		};
/* End PBXProject section */

/* Begin PBXResourcesBuildPhase section */
		90A87AA614A847A900920272 /* Resources */ = {
			isa = PBXResourcesBuildPhase;
			buildActionMask = 2147483647;
			files = (
				90A87ACE14A847A900920272 /* InfoPlist.strings in Resources */,
				90A87AD814A847A900920272 /* Localizable.strings in Resources */,
				90A87ADC14A847A900920272 /* Localizable.strings in Resources */,
				90A87ADF14A847A900920272 /* icon.png in Resources */,
				90A87AE114A847A900920272 /* icon@2x.png in Resources */,
				90A87AE314A847A900920272 /* icon-72.png in Resources */,
				90A87AE614A847A900920272 /* Default.png in Resources */,
				90A87AE814A847A900920272 /* Default@2x.png in Resources */,
				90A87AEA14A847AA00920272 /* Capture.bundle in Resources */,
				90A87AEC14A847AA00920272 /* PhoneGap.plist in Resources */,
				90A87AF914A848F700920272 /* www in Resources */,
			);
			runOnlyForDeploymentPostprocessing = 0;
		};
/* End PBXResourcesBuildPhase section */

/* Begin PBXShellScriptBuildPhase section */
		90A87AA914A847A900920272 /* ShellScript */ = {
			isa = PBXShellScriptBuildPhase;
			buildActionMask = 2147483647;
			files = (
			);
			inputPaths = (
			);
			outputPaths = (
			);
			runOnlyForDeploymentPostprocessing = 0;
			shellPath = /bin/bash;
			shellScript = "\n\t\t\t\t\t\t\t\tif [ ! -d \"$PROJECT_DIR/www\" ] ; then\n\t\t\t\t\t\t\t\t\tcp -R /Users/Shared/PhoneGap/Frameworks/PhoneGap.framework/www \"$PROJECT_DIR\"\n\t\t\t\t\t\t\t\tfi\n\t\t\t\t\t\t\t\t# detect www folder reference in project, if missing, print warning\n\t\t\t\t\t\t\t\tgrep \"{isa = PBXFileReference; lastKnownFileType = folder; path = www; sourceTree = \\\"<group>\\\"; };\" \"$PROJECT_DIR/$PROJECT_NAME.xcodeproj/project.pbxproj\"\n\t\t\t\t\t\t\t\trc=$? \n\t\t\t\t\t\t\t\tif [ $rc != 0 ] ; then\n\t\t\t\t\t\t\t\techo -e \"warning: Missing - Add $PROJECT_DIR/www as a folder reference in your project. Just drag and drop the folder into your project, into the Project Navigator of Xcode 4. Make sure you select the second radio-button: 'Create folder references for any added folders' (which will create a blue folder)\" 1>&2\n\t\t\t\t\t\t\t\tfi\t\t\t\t\t\t\t";
		};
/* End PBXShellScriptBuildPhase section */

/* Begin PBXSourcesBuildPhase section */
		90A87AA414A847A900920272 /* Sources */ = {
			isa = PBXSourcesBuildPhase;
			buildActionMask = 2147483647;
			files = (
				90A87AD014A847A900920272 /* main.m in Sources */,
				90A87AF014A847AA00920272 /* AppDelegate.m in Sources */,
			);
			runOnlyForDeploymentPostprocessing = 0;
		};
		90A87AA714A847A900920272 /* Sources */ = {
			isa = PBXSourcesBuildPhase;
			buildActionMask = 2147483647;
			files = (
			);
			runOnlyForDeploymentPostprocessing = 0;
		};
/* End PBXSourcesBuildPhase section */

/* Begin PBXVariantGroup section */
		90A87ACC14A847A900920272 /* InfoPlist.strings */ = {
			isa = PBXVariantGroup;
			children = (
				90A87ACD14A847A900920272 /* en */,
			);
			name = InfoPlist.strings;
			sourceTree = "<group>";
		};
		90A87AD614A847A900920272 /* Localizable.strings */ = {
			isa = PBXVariantGroup;
			children = (
				90A87AD714A847A900920272 /* en */,
			);
			name = Localizable.strings;
			sourceTree = "<group>";
		};
		90A87ADA14A847A900920272 /* Localizable.strings */ = {
			isa = PBXVariantGroup;
			children = (
				90A87ADB14A847A900920272 /* es */,
			);
			name = Localizable.strings;
			sourceTree = "<group>";
		};
/* End PBXVariantGroup section */

/* Begin XCBuildConfiguration section */
		90A87AF314A847AA00920272 /* Debug */ = {
			isa = XCBuildConfiguration;
			buildSettings = {
				ALWAYS_SEARCH_USER_PATHS = NO;
				ARCHS = "$(ARCHS_STANDARD_32_BIT)";
				CLANG_ENABLE_OBJC_ARC = YES;
				"CODE_SIGN_IDENTITY[sdk=iphoneos*]" = "iPhone Developer";
				COPY_PHASE_STRIP = NO;
				GCC_C_LANGUAGE_STANDARD = gnu99;
				GCC_DYNAMIC_NO_PIC = NO;
				GCC_OPTIMIZATION_LEVEL = 0;
				GCC_PREPROCESSOR_DEFINITIONS = (
					"DEBUG=1",
					"$(inherited)",
				);
				GCC_SYMBOLS_PRIVATE_EXTERN = NO;
				GCC_VERSION = com.apple.compilers.llvmgcc42;
				GCC_WARN_ABOUT_MISSING_PROTOTYPES = YES;
				GCC_WARN_ABOUT_RETURN_TYPE = YES;
				GCC_WARN_UNUSED_VARIABLE = YES;
				IPHONEOS_DEPLOYMENT_TARGET = 3.0;
				SDKROOT = iphoneos;
			};
			name = Debug;
		};
		90A87AF414A847AA00920272 /* Release */ = {
			isa = XCBuildConfiguration;
			buildSettings = {
				ALWAYS_SEARCH_USER_PATHS = NO;
				ARCHS = "$(ARCHS_STANDARD_32_BIT)";
				CLANG_ENABLE_OBJC_ARC = YES;
				"CODE_SIGN_IDENTITY[sdk=iphoneos*]" = "iPhone Developer";
				COPY_PHASE_STRIP = YES;
				GCC_C_LANGUAGE_STANDARD = gnu99;
				GCC_VERSION = com.apple.compilers.llvmgcc42;
				GCC_WARN_ABOUT_MISSING_PROTOTYPES = YES;
				GCC_WARN_ABOUT_RETURN_TYPE = YES;
				GCC_WARN_UNUSED_VARIABLE = YES;
				IPHONEOS_DEPLOYMENT_TARGET = 3.0;
				SDKROOT = iphoneos;
				VALIDATE_PRODUCT = YES;
			};
			name = Release;
		};
		90A87AF614A847AA00920272 /* Debug */ = {
			isa = XCBuildConfiguration;
			buildSettings = {
				ALWAYS_SEARCH_USER_PATHS = YES;
				COPY_PHASE_STRIP = NO;
				FRAMEWORK_SEARCH_PATHS = /Users/Shared/PhoneGap/Frameworks;
				GCC_DYNAMIC_NO_PIC = NO;
				GCC_PRECOMPILE_PREFIX_HEADER = YES;
				GCC_PREFIX_HEADER = "Frink/Frink-Prefix.pch";
				GCC_PREPROCESSOR_DEFINITIONS = "PHONEGAP_FRAMEWORK=YES";
				INFOPLIST_FILE = "Frink/Frink-Info.plist";
				OTHER_LDFLAGS = (
					"-weak_framework",
					UIKit,
					"-weak_framework",
					AVFoundation,
					"-weak_framework",
					CoreMedia,
					"-weak_library",
					/usr/lib/libSystem.B.dylib,
				);
				PRODUCT_NAME = "$(TARGET_NAME)";
				TARGETED_DEVICE_FAMILY = 2;
				WRAPPER_EXTENSION = app;
			};
			name = Debug;
		};
		90A87AF714A847AA00920272 /* Release */ = {
			isa = XCBuildConfiguration;
			buildSettings = {
				ALWAYS_SEARCH_USER_PATHS = YES;
				COPY_PHASE_STRIP = YES;
				DEBUG_INFORMATION_FORMAT = "dwarf-with-dsym";
				FRAMEWORK_SEARCH_PATHS = /Users/Shared/PhoneGap/Frameworks;
				GCC_PRECOMPILE_PREFIX_HEADER = YES;
				GCC_PREFIX_HEADER = "Frink/Frink-Prefix.pch";
				GCC_PREPROCESSOR_DEFINITIONS = "PHONEGAP_FRAMEWORK=YES";
				INFOPLIST_FILE = "Frink/Frink-Info.plist";
				OTHER_LDFLAGS = (
					"-weak_framework",
					UIKit,
					"-weak_framework",
					AVFoundation,
					"-weak_framework",
					CoreMedia,
					"-weak_library",
					/usr/lib/libSystem.B.dylib,
				);
				PRODUCT_NAME = "$(TARGET_NAME)";
				TARGETED_DEVICE_FAMILY = 2;
				VALIDATE_PRODUCT = YES;
				WRAPPER_EXTENSION = app;
			};
			name = Release;
		};
/* End XCBuildConfiguration section */

/* Begin XCConfigurationList section */
		90A87AA214A847A900920272 /* Build configuration list for PBXProject "Frink" */ = {
			isa = XCConfigurationList;
			buildConfigurations = (
				90A87AF314A847AA00920272 /* Debug */,
				90A87AF414A847AA00920272 /* Release */,
			);
			defaultConfigurationIsVisible = 0;
			defaultConfigurationName = Release;
		};
		90A87AF514A847AA00920272 /* Build configuration list for PBXNativeTarget "Frink" */ = {
			isa = XCConfigurationList;
			buildConfigurations = (
				90A87AF614A847AA00920272 /* Debug */,
				90A87AF714A847AA00920272 /* Release */,
			);
			defaultConfigurationIsVisible = 0;
		};
/* End XCConfigurationList section */
	};
	rootObject = 90A87A9F14A847A900920272 /* Project object */;
}
